// !$*UTF8*$!
{
	archiveVersion = 1;
	classes = {
	};
	objectVersion = 56;
	objects = {

/* Begin PBXBuildFile section */
		8A77C99A2BBBD99300C3C07E /* NavTabApp.swift in Sources */ = {isa = PBXBuildFile; fileRef = 8A77C9992BBBD99300C3C07E /* NavTabApp.swift */; };
		8A77C99E2BBBD99400C3C07E /* Assets.xcassets in Resources */ = {isa = PBXBuildFile; fileRef = 8A77C99D2BBBD99400C3C07E /* Assets.xcassets */; };
		8A77C9A12BBBD99400C3C07E /* Preview Assets.xcassets in Resources */ = {isa = PBXBuildFile; fileRef = 8A77C9A02BBBD99400C3C07E /* Preview Assets.xcassets */; };
		8AB9DBD02BC3CC6400D40061 /* NavigationBackport in Frameworks */ = {isa = PBXBuildFile; productRef = 8AB9DBCF2BC3CC6400D40061 /* NavigationBackport */; };
		8AB9DBD32BC3CC7100D40061 /* InterposeKit in Frameworks */ = {isa = PBXBuildFile; productRef = 8AB9DBD22BC3CC7100D40061 /* InterposeKit */; };
		8AB9DBD52BC3D06F00D40061 /* Appearance.swift in Sources */ = {isa = PBXBuildFile; fileRef = 8AB9DBD42BC3D06F00D40061 /* Appearance.swift */; };
		8AB9DBD72BC3D08800D40061 /* Swizzling.swift in Sources */ = {isa = PBXBuildFile; fileRef = 8AB9DBD62BC3D08800D40061 /* Swizzling.swift */; };
		8AB9DBD92BC3D12D00D40061 /* Runtime.swift in Sources */ = {isa = PBXBuildFile; fileRef = 8AB9DBD82BC3D12D00D40061 /* Runtime.swift */; };
		8AB9DBDD2BC3D1CB00D40061 /* UINavigationBar+Swizzling.swift in Sources */ = {isa = PBXBuildFile; fileRef = 8AB9DBDC2BC3D1CB00D40061 /* UINavigationBar+Swizzling.swift */; };
		8AB9DBDF2BC3D1F600D40061 /* UINavigationController+Swizzling.swift in Sources */ = {isa = PBXBuildFile; fileRef = 8AB9DBDE2BC3D1F600D40061 /* UINavigationController+Swizzling.swift */; };
		8AB9DBE12BC3D66A00D40061 /* UINavigationController+Figma+Swizzling.swift in Sources */ = {isa = PBXBuildFile; fileRef = 8AB9DBE02BC3D66A00D40061 /* UINavigationController+Figma+Swizzling.swift */; };
		8AB9DBE32BC3D77700D40061 /* CRToolBarButton.swift in Sources */ = {isa = PBXBuildFile; fileRef = 8AB9DBE22BC3D77700D40061 /* CRToolBarButton.swift */; };
		8AC7498E2BBD637800F02119 /* UIView+.swift in Sources */ = {isa = PBXBuildFile; fileRef = 8AC7498D2BBD637800F02119 /* UIView+.swift */; };
/* End PBXBuildFile section */

/* Begin PBXFileReference section */
		8A77C9962BBBD99300C3C07E /* NavTab.app */ = {isa = PBXFileReference; explicitFileType = wrapper.application; includeInIndex = 0; path = NavTab.app; sourceTree = BUILT_PRODUCTS_DIR; };
		8A77C9992BBBD99300C3C07E /* NavTabApp.swift */ = {isa = PBXFileReference; lastKnownFileType = sourcecode.swift; path = NavTabApp.swift; sourceTree = "<group>"; };
		8A77C99D2BBBD99400C3C07E /* Assets.xcassets */ = {isa = PBXFileReference; lastKnownFileType = folder.assetcatalog; path = Assets.xcassets; sourceTree = "<group>"; };
		8A77C9A02BBBD99400C3C07E /* Preview Assets.xcassets */ = {isa = PBXFileReference; lastKnownFileType = folder.assetcatalog; path = "Preview Assets.xcassets"; sourceTree = "<group>"; };
		8AB9DBD42BC3D06F00D40061 /* Appearance.swift */ = {isa = PBXFileReference; lastKnownFileType = sourcecode.swift; path = Appearance.swift; sourceTree = "<group>"; };
		8AB9DBD62BC3D08800D40061 /* Swizzling.swift */ = {isa = PBXFileReference; lastKnownFileType = sourcecode.swift; path = Swizzling.swift; sourceTree = "<group>"; };
		8AB9DBD82BC3D12D00D40061 /* Runtime.swift */ = {isa = PBXFileReference; lastKnownFileType = sourcecode.swift; path = Runtime.swift; sourceTree = "<group>"; };
		8AB9DBDC2BC3D1CB00D40061 /* UINavigationBar+Swizzling.swift */ = {isa = PBXFileReference; lastKnownFileType = sourcecode.swift; path = "UINavigationBar+Swizzling.swift"; sourceTree = "<group>"; };
		8AB9DBDE2BC3D1F600D40061 /* UINavigationController+Swizzling.swift */ = {isa = PBXFileReference; lastKnownFileType = sourcecode.swift; path = "UINavigationController+Swizzling.swift"; sourceTree = "<group>"; };
		8AB9DBE02BC3D66A00D40061 /* UINavigationController+Figma+Swizzling.swift */ = {isa = PBXFileReference; lastKnownFileType = sourcecode.swift; path = "UINavigationController+Figma+Swizzling.swift"; sourceTree = "<group>"; };
		8AB9DBE22BC3D77700D40061 /* CRToolBarButton.swift */ = {isa = PBXFileReference; lastKnownFileType = sourcecode.swift; path = CRToolBarButton.swift; sourceTree = "<group>"; };
		8AC7498D2BBD637800F02119 /* UIView+.swift */ = {isa = PBXFileReference; lastKnownFileType = sourcecode.swift; path = "UIView+.swift"; sourceTree = "<group>"; };
/* End PBXFileReference section */

/* Begin PBXFrameworksBuildPhase section */
		8A77C9932BBBD99300C3C07E /* Frameworks */ = {
			isa = PBXFrameworksBuildPhase;
			buildActionMask = 2147483647;
			files = (
				8AB9DBD02BC3CC6400D40061 /* NavigationBackport in Frameworks */,
				8AB9DBD32BC3CC7100D40061 /* InterposeKit in Frameworks */,
			);
			runOnlyForDeploymentPostprocessing = 0;
		};
/* End PBXFrameworksBuildPhase section */

/* Begin PBXGroup section */
		8A77C98D2BBBD99300C3C07E = {
			isa = PBXGroup;
			children = (
				8A77C9982BBBD99300C3C07E /* NavTab */,
				8A77C9972BBBD99300C3C07E /* Products */,
			);
			sourceTree = "<group>";
		};
		8A77C9972BBBD99300C3C07E /* Products */ = {
			isa = PBXGroup;
			children = (
				8A77C9962BBBD99300C3C07E /* NavTab.app */,
			);
			name = Products;
			sourceTree = "<group>";
		};
		8A77C9982BBBD99300C3C07E /* NavTab */ = {
			isa = PBXGroup;
			children = (
				8AB9DBDA2BC3D13300D40061 /* Utils */,
				8A77C9992BBBD99300C3C07E /* NavTabApp.swift */,
				8AB9DBD42BC3D06F00D40061 /* Appearance.swift */,
				8AB9DBE22BC3D77700D40061 /* CRToolBarButton.swift */,
				8AB9DBDB2BC3D1B900D40061 /* Swizzling */,
				8A77C99D2BBBD99400C3C07E /* Assets.xcassets */,
				8A77C99F2BBBD99400C3C07E /* Preview Content */,
			);
			path = NavTab;
			sourceTree = "<group>";
		};
		8A77C99F2BBBD99400C3C07E /* Preview Content */ = {
			isa = PBXGroup;
			children = (
				8A77C9A02BBBD99400C3C07E /* Preview Assets.xcassets */,
			);
			path = "Preview Content";
			sourceTree = "<group>";
		};
		8AB9DBDA2BC3D13300D40061 /* Utils */ = {
			isa = PBXGroup;
			children = (
				8AB9DBD82BC3D12D00D40061 /* Runtime.swift */,
				8AC7498D2BBD637800F02119 /* UIView+.swift */,
			);
			path = Utils;
			sourceTree = "<group>";
		};
		8AB9DBDB2BC3D1B900D40061 /* Swizzling */ = {
			isa = PBXGroup;
			children = (
				8AB9DBD62BC3D08800D40061 /* Swizzling.swift */,
				8AB9DBDC2BC3D1CB00D40061 /* UINavigationBar+Swizzling.swift */,
				8AB9DBDE2BC3D1F600D40061 /* UINavigationController+Swizzling.swift */,
				8AB9DBE02BC3D66A00D40061 /* UINavigationController+Figma+Swizzling.swift */,
			);
			path = Swizzling;
			sourceTree = "<group>";
		};
/* End PBXGroup section */

/* Begin PBXNativeTarget section */
		8A77C9952BBBD99300C3C07E /* NavTab */ = {
			isa = PBXNativeTarget;
			buildConfigurationList = 8A77C9A42BBBD99400C3C07E /* Build configuration list for PBXNativeTarget "NavTab" */;
			buildPhases = (
				8A77C9922BBBD99300C3C07E /* Sources */,
				8A77C9932BBBD99300C3C07E /* Frameworks */,
				8A77C9942BBBD99300C3C07E /* Resources */,
			);
			buildRules = (
			);
			dependencies = (
			);
			name = NavTab;
			packageProductDependencies = (
				8AB9DBCF2BC3CC6400D40061 /* NavigationBackport */,
				8AB9DBD22BC3CC7100D40061 /* InterposeKit */,
			);
			productName = NavTab;
			productReference = 8A77C9962BBBD99300C3C07E /* NavTab.app */;
			productType = "com.apple.product-type.application";
		};
/* End PBXNativeTarget section */

/* Begin PBXProject section */
		8A77C98E2BBBD99300C3C07E /* Project object */ = {
			isa = PBXProject;
			attributes = {
				BuildIndependentTargetsInParallel = 1;
				LastSwiftUpdateCheck = 1530;
				LastUpgradeCheck = 1530;
				TargetAttributes = {
					8A77C9952BBBD99300C3C07E = {
						CreatedOnToolsVersion = 15.3;
					};
				};
			};
			buildConfigurationList = 8A77C9912BBBD99300C3C07E /* Build configuration list for PBXProject "NavTab" */;
			compatibilityVersion = "Xcode 14.0";
			developmentRegion = en;
			hasScannedForEncodings = 0;
			knownRegions = (
				en,
				Base,
			);
			mainGroup = 8A77C98D2BBBD99300C3C07E;
			packageReferences = (
				8AB9DBCE2BC3CC6400D40061 /* XCRemoteSwiftPackageReference "NavigationBackport" */,
				8AB9DBD12BC3CC7100D40061 /* XCRemoteSwiftPackageReference "InterposeKit" */,
			);
			productRefGroup = 8A77C9972BBBD99300C3C07E /* Products */;
			projectDirPath = "";
			projectRoot = "";
			targets = (
				8A77C9952BBBD99300C3C07E /* NavTab */,
			);
		};
/* End PBXProject section */

/* Begin PBXResourcesBuildPhase section */
		8A77C9942BBBD99300C3C07E /* Resources */ = {
			isa = PBXResourcesBuildPhase;
			buildActionMask = 2147483647;
			files = (
				8A77C9A12BBBD99400C3C07E /* Preview Assets.xcassets in Resources */,
				8A77C99E2BBBD99400C3C07E /* Assets.xcassets in Resources */,
			);
			runOnlyForDeploymentPostprocessing = 0;
		};
/* End PBXResourcesBuildPhase section */

/* Begin PBXSourcesBuildPhase section */
		8A77C9922BBBD99300C3C07E /* Sources */ = {
			isa = PBXSourcesBuildPhase;
			buildActionMask = 2147483647;
			files = (
				8AB9DBE32BC3D77700D40061 /* CRToolBarButton.swift in Sources */,
				8AC7498E2BBD637800F02119 /* UIView+.swift in Sources */,
				8A77C99A2BBBD99300C3C07E /* NavTabApp.swift in Sources */,
				8AB9DBE12BC3D66A00D40061 /* UINavigationController+Figma+Swizzling.swift in Sources */,
				8AB9DBD72BC3D08800D40061 /* Swizzling.swift in Sources */,
				8AB9DBD92BC3D12D00D40061 /* Runtime.swift in Sources */,
				8AB9DBDD2BC3D1CB00D40061 /* UINavigationBar+Swizzling.swift in Sources */,
				8AB9DBD52BC3D06F00D40061 /* Appearance.swift in Sources */,
				8AB9DBDF2BC3D1F600D40061 /* UINavigationController+Swizzling.swift in Sources */,
			);
			runOnlyForDeploymentPostprocessing = 0;
		};
/* End PBXSourcesBuildPhase section */

/* Begin XCBuildConfiguration section */
		8A77C9A22BBBD99400C3C07E /* Debug */ = {
			isa = XCBuildConfiguration;
			buildSettings = {
				ALWAYS_SEARCH_USER_PATHS = NO;
				ASSETCATALOG_COMPILER_GENERATE_SWIFT_ASSET_SYMBOL_EXTENSIONS = YES;
				CLANG_ANALYZER_NONNULL = YES;
				CLANG_ANALYZER_NUMBER_OBJECT_CONVERSION = YES_AGGRESSIVE;
				CLANG_CXX_LANGUAGE_STANDARD = "gnu++20";
				CLANG_ENABLE_MODULES = YES;
				CLANG_ENABLE_OBJC_ARC = YES;
				CLANG_ENABLE_OBJC_WEAK = YES;
				CLANG_WARN_BLOCK_CAPTURE_AUTORELEASING = YES;
				CLANG_WARN_BOOL_CONVERSION = YES;
				CLANG_WARN_COMMA = YES;
				CLANG_WARN_CONSTANT_CONVERSION = YES;
				CLANG_WARN_DEPRECATED_OBJC_IMPLEMENTATIONS = YES;
				CLANG_WARN_DIRECT_OBJC_ISA_USAGE = YES_ERROR;
				CLANG_WARN_DOCUMENTATION_COMMENTS = YES;
				CLANG_WARN_EMPTY_BODY = YES;
				CLANG_WARN_ENUM_CONVERSION = YES;
				CLANG_WARN_INFINITE_RECURSION = YES;
				CLANG_WARN_INT_CONVERSION = YES;
				CLANG_WARN_NON_LITERAL_NULL_CONVERSION = YES;
				CLANG_WARN_OBJC_IMPLICIT_RETAIN_SELF = YES;
				CLANG_WARN_OBJC_LITERAL_CONVERSION = YES;
				CLANG_WARN_OBJC_ROOT_CLASS = YES_ERROR;
				CLANG_WARN_QUOTED_INCLUDE_IN_FRAMEWORK_HEADER = YES;
				CLANG_WARN_RANGE_LOOP_ANALYSIS = YES;
				CLANG_WARN_STRICT_PROTOTYPES = YES;
				CLANG_WARN_SUSPICIOUS_MOVE = YES;
				CLANG_WARN_UNGUARDED_AVAILABILITY = YES_AGGRESSIVE;
				CLANG_WARN_UNREACHABLE_CODE = YES;
				CLANG_WARN__DUPLICATE_METHOD_MATCH = YES;
				COPY_PHASE_STRIP = NO;
				DEBUG_INFORMATION_FORMAT = dwarf;
				ENABLE_STRICT_OBJC_MSGSEND = YES;
				ENABLE_TESTABILITY = YES;
				ENABLE_USER_SCRIPT_SANDBOXING = YES;
				GCC_C_LANGUAGE_STANDARD = gnu17;
				GCC_DYNAMIC_NO_PIC = NO;
				GCC_NO_COMMON_BLOCKS = YES;
				GCC_OPTIMIZATION_LEVEL = 0;
				GCC_PREPROCESSOR_DEFINITIONS = (
					"DEBUG=1",
					"$(inherited)",
				);
				GCC_WARN_64_TO_32_BIT_CONVERSION = YES;
				GCC_WARN_ABOUT_RETURN_TYPE = YES_ERROR;
				GCC_WARN_UNDECLARED_SELECTOR = YES;
				GCC_WARN_UNINITIALIZED_AUTOS = YES_AGGRESSIVE;
				GCC_WARN_UNUSED_FUNCTION = YES;
				GCC_WARN_UNUSED_VARIABLE = YES;
				IPHONEOS_DEPLOYMENT_TARGET = 15.0;
				LOCALIZATION_PREFERS_STRING_CATALOGS = YES;
				MTL_ENABLE_DEBUG_INFO = INCLUDE_SOURCE;
				MTL_FAST_MATH = YES;
				ONLY_ACTIVE_ARCH = YES;
				SDKROOT = iphoneos;
				SWIFT_ACTIVE_COMPILATION_CONDITIONS = "DEBUG $(inherited)";
				SWIFT_OPTIMIZATION_LEVEL = "-Onone";
			};
			name = Debug;
		};
		8A77C9A32BBBD99400C3C07E /* Release */ = {
			isa = XCBuildConfiguration;
			buildSettings = {
				ALWAYS_SEARCH_USER_PATHS = NO;
				ASSETCATALOG_COMPILER_GENERATE_SWIFT_ASSET_SYMBOL_EXTENSIONS = YES;
				CLANG_ANALYZER_NONNULL = YES;
				CLANG_ANALYZER_NUMBER_OBJECT_CONVERSION = YES_AGGRESSIVE;
				CLANG_CXX_LANGUAGE_STANDARD = "gnu++20";
				CLANG_ENABLE_MODULES = YES;
				CLANG_ENABLE_OBJC_ARC = YES;
				CLANG_ENABLE_OBJC_WEAK = YES;
				CLANG_WARN_BLOCK_CAPTURE_AUTORELEASING = YES;
				CLANG_WARN_BOOL_CONVERSION = YES;
				CLANG_WARN_COMMA = YES;
				CLANG_WARN_CONSTANT_CONVERSION = YES;
				CLANG_WARN_DEPRECATED_OBJC_IMPLEMENTATIONS = YES;
				CLANG_WARN_DIRECT_OBJC_ISA_USAGE = YES_ERROR;
				CLANG_WARN_DOCUMENTATION_COMMENTS = YES;
				CLANG_WARN_EMPTY_BODY = YES;
				CLANG_WARN_ENUM_CONVERSION = YES;
				CLANG_WARN_INFINITE_RECURSION = YES;
				CLANG_WARN_INT_CONVERSION = YES;
				CLANG_WARN_NON_LITERAL_NULL_CONVERSION = YES;
				CLANG_WARN_OBJC_IMPLICIT_RETAIN_SELF = YES;
				CLANG_WARN_OBJC_LITERAL_CONVERSION = YES;
				CLANG_WARN_OBJC_ROOT_CLASS = YES_ERROR;
				CLANG_WARN_QUOTED_INCLUDE_IN_FRAMEWORK_HEADER = YES;
				CLANG_WARN_RANGE_LOOP_ANALYSIS = YES;
				CLANG_WARN_STRICT_PROTOTYPES = YES;
				CLANG_WARN_SUSPICIOUS_MOVE = YES;
				CLANG_WARN_UNGUARDED_AVAILABILITY = YES_AGGRESSIVE;
				CLANG_WARN_UNREACHABLE_CODE = YES;
				CLANG_WARN__DUPLICATE_METHOD_MATCH = YES;
				COPY_PHASE_STRIP = NO;
				DEBUG_INFORMATION_FORMAT = "dwarf-with-dsym";
				ENABLE_NS_ASSERTIONS = NO;
				ENABLE_STRICT_OBJC_MSGSEND = YES;
				ENABLE_USER_SCRIPT_SANDBOXING = YES;
				GCC_C_LANGUAGE_STANDARD = gnu17;
				GCC_NO_COMMON_BLOCKS = YES;
				GCC_WARN_64_TO_32_BIT_CONVERSION = YES;
				GCC_WARN_ABOUT_RETURN_TYPE = YES_ERROR;
				GCC_WARN_UNDECLARED_SELECTOR = YES;
				GCC_WARN_UNINITIALIZED_AUTOS = YES_AGGRESSIVE;
				GCC_WARN_UNUSED_FUNCTION = YES;
				GCC_WARN_UNUSED_VARIABLE = YES;
				IPHONEOS_DEPLOYMENT_TARGET = 15.0;
				LOCALIZATION_PREFERS_STRING_CATALOGS = YES;
				MTL_ENABLE_DEBUG_INFO = NO;
				MTL_FAST_MATH = YES;
				SDKROOT = iphoneos;
				SWIFT_COMPILATION_MODE = wholemodule;
				VALIDATE_PRODUCT = YES;
			};
			name = Release;
		};
		8A77C9A52BBBD99400C3C07E /* Debug */ = {
			isa = XCBuildConfiguration;
			buildSettings = {
				ASSETCATALOG_COMPILER_APPICON_NAME = AppIcon;
				ASSETCATALOG_COMPILER_GLOBAL_ACCENT_COLOR_NAME = AccentColor;
				CODE_SIGN_STYLE = Automatic;
				CURRENT_PROJECT_VERSION = 1;
				DEVELOPMENT_ASSET_PATHS = "\"NavTab/Preview Content\"";
				DEVELOPMENT_TEAM = 37JU2MMMD5;
				ENABLE_PREVIEWS = YES;
				GENERATE_INFOPLIST_FILE = YES;
				INFOPLIST_KEY_UIApplicationSceneManifest_Generation = YES;
				INFOPLIST_KEY_UIApplicationSupportsIndirectInputEvents = YES;
				INFOPLIST_KEY_UILaunchScreen_Generation = YES;
				INFOPLIST_KEY_UISupportedInterfaceOrientations_iPad = "UIInterfaceOrientationPortrait UIInterfaceOrientationPortraitUpsideDown UIInterfaceOrientationLandscapeLeft UIInterfaceOrientationLandscapeRight";
				INFOPLIST_KEY_UISupportedInterfaceOrientations_iPhone = "UIInterfaceOrientationPortrait UIInterfaceOrientationLandscapeLeft UIInterfaceOrientationLandscapeRight";
				LD_RUNPATH_SEARCH_PATHS = (
					"$(inherited)",
					"@executable_path/Frameworks",
				);
				MARKETING_VERSION = 1.0;
				PRODUCT_BUNDLE_IDENTIFIER = com.baevra.NavTab;
				PRODUCT_NAME = "$(TARGET_NAME)";
				SWIFT_EMIT_LOC_STRINGS = YES;
				SWIFT_VERSION = 5.0;
				TARGETED_DEVICE_FAMILY = "1,2";
			};
			name = Debug;
		};
		8A77C9A62BBBD99400C3C07E /* Release */ = {
			isa = XCBuildConfiguration;
			buildSettings = {
				ASSETCATALOG_COMPILER_APPICON_NAME = AppIcon;
				ASSETCATALOG_COMPILER_GLOBAL_ACCENT_COLOR_NAME = AccentColor;
				CODE_SIGN_STYLE = Automatic;
				CURRENT_PROJECT_VERSION = 1;
				DEVELOPMENT_ASSET_PATHS = "\"NavTab/Preview Content\"";
				DEVELOPMENT_TEAM = 37JU2MMMD5;
				ENABLE_PREVIEWS = YES;
				GENERATE_INFOPLIST_FILE = YES;
				INFOPLIST_KEY_UIApplicationSceneManifest_Generation = YES;
				INFOPLIST_KEY_UIApplicationSupportsIndirectInputEvents = YES;
				INFOPLIST_KEY_UILaunchScreen_Generation = YES;
				INFOPLIST_KEY_UISupportedInterfaceOrientations_iPad = "UIInterfaceOrientationPortrait UIInterfaceOrientationPortraitUpsideDown UIInterfaceOrientationLandscapeLeft UIInterfaceOrientationLandscapeRight";
				INFOPLIST_KEY_UISupportedInterfaceOrientations_iPhone = "UIInterfaceOrientationPortrait UIInterfaceOrientationLandscapeLeft UIInterfaceOrientationLandscapeRight";
				LD_RUNPATH_SEARCH_PATHS = (
					"$(inherited)",
					"@executable_path/Frameworks",
				);
				MARKETING_VERSION = 1.0;
				PRODUCT_BUNDLE_IDENTIFIER = com.baevra.NavTab;
				PRODUCT_NAME = "$(TARGET_NAME)";
				SWIFT_EMIT_LOC_STRINGS = YES;
				SWIFT_VERSION = 5.0;
				TARGETED_DEVICE_FAMILY = "1,2";
			};
			name = Release;
		};
/* End XCBuildConfiguration section */

/* Begin XCConfigurationList section */
		8A77C9912BBBD99300C3C07E /* Build configuration list for PBXProject "NavTab" */ = {
			isa = XCConfigurationList;
			buildConfigurations = (
				8A77C9A22BBBD99400C3C07E /* Debug */,
				8A77C9A32BBBD99400C3C07E /* Release */,
			);
			defaultConfigurationIsVisible = 0;
			defaultConfigurationName = Release;
		};
		8A77C9A42BBBD99400C3C07E /* Build configuration list for PBXNativeTarget "NavTab" */ = {
			isa = XCConfigurationList;
			buildConfigurations = (
				8A77C9A52BBBD99400C3C07E /* Debug */,
				8A77C9A62BBBD99400C3C07E /* Release */,
			);
			defaultConfigurationIsVisible = 0;
			defaultConfigurationName = Release;
		};
/* End XCConfigurationList section */

/* Begin XCRemoteSwiftPackageReference section */
		8AB9DBCE2BC3CC6400D40061 /* XCRemoteSwiftPackageReference "NavigationBackport" */ = {
			isa = XCRemoteSwiftPackageReference;
			repositoryURL = "https://github.com/johnpatrickmorgan/NavigationBackport";
			requirement = {
				kind = upToNextMajorVersion;
				minimumVersion = 0.9.2;
			};
		};
		8AB9DBD12BC3CC7100D40061 /* XCRemoteSwiftPackageReference "InterposeKit" */ = {
			isa = XCRemoteSwiftPackageReference;
			repositoryURL = "https://github.com/baevra/InterposeKit";
			requirement = {
				branch = master;
				kind = branch;
			};
		};
/* End XCRemoteSwiftPackageReference section */

/* Begin XCSwiftPackageProductDependency section */
		8AB9DBCF2BC3CC6400D40061 /* NavigationBackport */ = {
			isa = XCSwiftPackageProductDependency;
			package = 8AB9DBCE2BC3CC6400D40061 /* XCRemoteSwiftPackageReference "NavigationBackport" */;
			productName = NavigationBackport;
		};
		8AB9DBD22BC3CC7100D40061 /* InterposeKit */ = {
			isa = XCSwiftPackageProductDependency;
			package = 8AB9DBD12BC3CC7100D40061 /* XCRemoteSwiftPackageReference "InterposeKit" */;
			productName = InterposeKit;
		};
/* End XCSwiftPackageProductDependency section */
	};
	rootObject = 8A77C98E2BBBD99300C3C07E /* Project object */;
}
